
Microsoft Visual Studio Solution File, Format Version 12.00
# Visual Studio Version 17
VisualStudioVersion = 17.9.34607.119
MinimumVisualStudioVersion = 10.0.40219.1
Project("{FAE04EC0-301F-11D3-BF4B-00C04F79EFBC}") = "LibrarySystem", "LibrarySystem\LibrarySystem.csproj", "{2A42CAE2-9F8A-4571-986E-B5D7BB368286}"
EndProject
Project("{FAE04EC0-301F-11D3-BF4B-00C04F79EFBC}") = "LibraryConsoleApp", "LibraryConsoleApp\LibraryConsoleApp.csproj", "{6820C55D-FA27-452F-97AD-07C2D17AAB2F}"
EndProject
Global
	GlobalSection(SolutionConfigurationPlatforms) = preSolution
		Debug|Any CPU = Debug|Any CPU
		Release|Any CPU = Release|Any CPU
	EndGlobalSection
	GlobalSection(ProjectConfigurationPlatforms) = postSolution
		{2A42CAE2-9F8A-4571-986E-B5D7BB368286}.Debug|Any CPU.ActiveCfg = Debug|Any CPU
		{2A42CAE2-9F8A-4571-986E-B5D7BB368286}.Debug|Any CPU.Build.0 = Debug|Any CPU
		{2A42CAE2-9F8A-4571-986E-B5D7BB368286}.Release|Any CPU.ActiveCfg = Release|Any CPU
		{2A42CAE2-9F8A-4571-986E-B5D7BB368286}.Release|Any CPU.Build.0 = Release|Any CPU
		{6820C55D-FA27-452F-97AD-07C2D17AAB2F}.Debug|Any CPU.ActiveCfg = Debug|Any CPU
		{6820C55D-FA27-452F-97AD-07C2D17AAB2F}.Debug|Any CPU.Build.0 = Debug|Any CPU
		{6820C55D-FA27-452F-97AD-07C2D17AAB2F}.Release|Any CPU.ActiveCfg = Release|Any CPU
		{6820C55D-FA27-452F-97AD-07C2D17AAB2F}.Release|Any CPU.Build.0 = Release|Any CPU
	EndGlobalSection
	GlobalSection(SolutionProperties) = preSolution
		HideSolutionNode = FALSE
	EndGlobalSection
	GlobalSection(ExtensibilityGlobals) = postSolution
		SolutionGuid = {82091731-4D12-4BA6-9ACA-E37EDD5AD1DC}
	EndGlobalSection
EndGlobal
